
Microsoft Visual Studio Solution File, Format Version 12.00
# Visual Studio Version 16
VisualStudioVersion = 16.0.29324.140
MinimumVisualStudioVersion = 10.0.40219.1
Project("{8BC9CEB8-8B4A-11D0-8D11-00A0C91BC942}") = "NumeriPrimi", "NumeriPrimi\NumeriPrimi.vcxproj", "{FB42D00C-CFA7-4746-9BE5-635817750546}"
EndProject
Global
	GlobalSection(SolutionConfigurationPlatforms) = preSolution
		Debug|x64 = Debug|x64
		Debug|x86 = Debug|x86
		Release|x64 = Release|x64
		Release|x86 = Release|x86
	EndGlobalSection
	GlobalSection(ProjectConfigurationPlatforms) = postSolution
		{FB42D00C-CFA7-4746-9BE5-635817750546}.Debug|x64.ActiveCfg = Debug|x64
		{FB42D00C-CFA7-4746-9BE5-635817750546}.Debug|x64.Build.0 = Debug|x64
		{FB42D00C-CFA7-4746-9BE5-635817750546}.Debug|x86.ActiveCfg = Debug|Win32
		{FB42D00C-CFA7-4746-9BE5-635817750546}.Debug|x86.Build.0 = Debug|Win32
		{FB42D00C-CFA7-4746-9BE5-635817750546}.Release|x64.ActiveCfg = Release|x64
		{FB42D00C-CFA7-4746-9BE5-635817750546}.Release|x64.Build.0 = Release|x64
		{FB42D00C-CFA7-4746-9BE5-635817750546}.Release|x86.ActiveCfg = Release|Win32
		{FB42D00C-CFA7-4746-9BE5-635817750546}.Release|x86.Build.0 = Release|Win32
	EndGlobalSection
	GlobalSection(SolutionProperties) = preSolution
		HideSolutionNode = FALSE
	EndGlobalSection
	GlobalSection(ExtensibilityGlobals) = postSolution
		SolutionGuid = {3E21E652-5A0F-48E1-A349-84DE43A596F0}
	EndGlobalSection
EndGlobal
